
Microsoft Visual Studio Solution File, Format Version 12.00
# Visual Studio Version 16
VisualStudioVersion = 16.0.30517.126
MinimumVisualStudioVersion = 10.0.40219.1
Project("{FAE04EC0-301F-11D3-BF4B-00C04F79EFBC}") = "OdeToFood", "OdeToFood.csproj", "{FF6144CD-5331-4F12-9E0B-858E040E6E36}"
EndProject
Project("{FAE04EC0-301F-11D3-BF4B-00C04F79EFBC}") = "OdeToFood.Core", "..\OdeToFood.Core\OdeToFood.Core.csproj", "{EBEDF2AF-DAC7-4F40-99B6-914FAB25484C}"
EndProject
Project("{FAE04EC0-301F-11D3-BF4B-00C04F79EFBC}") = "OdeToFood.Data", "..\OdeToFood.Data\OdeToFood.Data.csproj", "{B6E6C012-7482-4F18-9702-C7C1E5F29870}"
EndProject
Global
	GlobalSection(SolutionConfigurationPlatforms) = preSolution
		Debug|Any CPU = Debug|Any CPU
		Release|Any CPU = Release|Any CPU
	EndGlobalSection
	GlobalSection(ProjectConfigurationPlatforms) = postSolution
		{FF6144CD-5331-4F12-9E0B-858E040E6E36}.Debug|Any CPU.ActiveCfg = Debug|Any CPU
		{FF6144CD-5331-4F12-9E0B-858E040E6E36}.Debug|Any CPU.Build.0 = Debug|Any CPU
		{FF6144CD-5331-4F12-9E0B-858E040E6E36}.Release|Any CPU.ActiveCfg = Release|Any CPU
		{FF6144CD-5331-4F12-9E0B-858E040E6E36}.Release|Any CPU.Build.0 = Release|Any CPU
		{EBEDF2AF-DAC7-4F40-99B6-914FAB25484C}.Debug|Any CPU.ActiveCfg = Debug|Any CPU
		{EBEDF2AF-DAC7-4F40-99B6-914FAB25484C}.Debug|Any CPU.Build.0 = Debug|Any CPU
		{EBEDF2AF-DAC7-4F40-99B6-914FAB25484C}.Release|Any CPU.ActiveCfg = Release|Any CPU
		{EBEDF2AF-DAC7-4F40-99B6-914FAB25484C}.Release|Any CPU.Build.0 = Release|Any CPU
		{B6E6C012-7482-4F18-9702-C7C1E5F29870}.Debug|Any CPU.ActiveCfg = Debug|Any CPU
		{B6E6C012-7482-4F18-9702-C7C1E5F29870}.Debug|Any CPU.Build.0 = Debug|Any CPU
		{B6E6C012-7482-4F18-9702-C7C1E5F29870}.Release|Any CPU.ActiveCfg = Release|Any CPU
		{B6E6C012-7482-4F18-9702-C7C1E5F29870}.Release|Any CPU.Build.0 = Release|Any CPU
	EndGlobalSection
	GlobalSection(SolutionProperties) = preSolution
		HideSolutionNode = FALSE
	EndGlobalSection
	GlobalSection(ExtensibilityGlobals) = postSolution
		SolutionGuid = {03E2CE56-D394-48C2-82E8-0014869F87C7}
	EndGlobalSection
EndGlobal
